
Microsoft Visual Studio Solution File, Format Version 12.00
# Visual Studio Version 16
VisualStudioVersion = 16.0.31112.23
MinimumVisualStudioVersion = 10.0.40219.1
Project("{F2A71F9B-5D33-465A-A702-920D77279786}") = "SalesWebMvc", "SalesWebMvc\SalesWebMvc.fsproj", "{C506EEC0-A5E5-431B-84FE-7FC8ACFED788}"
EndProject
Global
	GlobalSection(SolutionConfigurationPlatforms) = preSolution
		Debug|Any CPU = Debug|Any CPU
		Release|Any CPU = Release|Any CPU
	EndGlobalSection
	GlobalSection(ProjectConfigurationPlatforms) = postSolution
		{C506EEC0-A5E5-431B-84FE-7FC8ACFED788}.Debug|Any CPU.ActiveCfg = Debug|Any CPU
		{C506EEC0-A5E5-431B-84FE-7FC8ACFED788}.Debug|Any CPU.Build.0 = Debug|Any CPU
		{C506EEC0-A5E5-431B-84FE-7FC8ACFED788}.Release|Any CPU.ActiveCfg = Release|Any CPU
		{C506EEC0-A5E5-431B-84FE-7FC8ACFED788}.Release|Any CPU.Build.0 = Release|Any CPU
	EndGlobalSection
	GlobalSection(SolutionProperties) = preSolution
		HideSolutionNode = FALSE
	EndGlobalSection
	GlobalSection(ExtensibilityGlobals) = postSolution
		SolutionGuid = {5EA71928-A525-4DE0-B280-F8E1FC90A86C}
	EndGlobalSection
EndGlobal
